
Microsoft Visual Studio Solution File, Format Version 12.00
# Visual Studio 14
VisualStudioVersion = 14.0.24720.0
MinimumVisualStudioVersion = 10.0.40219.1
Project("{FAE04EC0-301F-11D3-BF4B-00C04F79EFBC}") = "Meetup.Bot", "Meetup.Bot\Meetup.Bot.csproj", "{8F46942C-BF78-4804-988D-AFE9062920C0}"
EndProject
Project("{FAE04EC0-301F-11D3-BF4B-00C04F79EFBC}") = "Meetup.Bot.AcceptanceTests", "Meetup.Bot.AcceptanceTests\Meetup.Bot.AcceptanceTests.csproj", "{027E57D2-67B6-471C-AA9D-30E067435200}"
EndProject
Global
	GlobalSection(SolutionConfigurationPlatforms) = preSolution
		Debug|Any CPU = Debug|Any CPU
		Release|Any CPU = Release|Any CPU
	EndGlobalSection
	GlobalSection(ProjectConfigurationPlatforms) = postSolution
		{8F46942C-BF78-4804-988D-AFE9062920C0}.Debug|Any CPU.ActiveCfg = Debug|Any CPU
		{8F46942C-BF78-4804-988D-AFE9062920C0}.Debug|Any CPU.Build.0 = Debug|Any CPU
		{8F46942C-BF78-4804-988D-AFE9062920C0}.Release|Any CPU.ActiveCfg = Release|Any CPU
		{8F46942C-BF78-4804-988D-AFE9062920C0}.Release|Any CPU.Build.0 = Release|Any CPU
		{027E57D2-67B6-471C-AA9D-30E067435200}.Debug|Any CPU.ActiveCfg = Debug|Any CPU
		{027E57D2-67B6-471C-AA9D-30E067435200}.Debug|Any CPU.Build.0 = Debug|Any CPU
		{027E57D2-67B6-471C-AA9D-30E067435200}.Release|Any CPU.ActiveCfg = Release|Any CPU
		{027E57D2-67B6-471C-AA9D-30E067435200}.Release|Any CPU.Build.0 = Release|Any CPU
	EndGlobalSection
	GlobalSection(SolutionProperties) = preSolution
		HideSolutionNode = FALSE
	EndGlobalSection
EndGlobal
